
Microsoft Visual Studio Solution File, Format Version 12.00
# Visual Studio Version 17
VisualStudioVersion = 17.1.32210.238
MinimumVisualStudioVersion = 10.0.40219.1
Project("{9A19103F-16F7-4668-BE54-9A1E7A4F7556}") = "Domain", "Domain\Domain.csproj", "{B3D353FF-78D3-4B9F-8DA8-50AF6E0E92A4}"
EndProject
Project("{9A19103F-16F7-4668-BE54-9A1E7A4F7556}") = "Server", "Server\Server.csproj", "{BD7F4310-0A28-40E2-B895-6613E5168B12}"
EndProject
Project("{9A19103F-16F7-4668-BE54-9A1E7A4F7556}") = "Infrastructure", "Infrastructure\Infrastructure.csproj", "{9DC88C9B-E8CA-46E5-8D75-2FDD19660EA3}"
EndProject
Project("{9A19103F-16F7-4668-BE54-9A1E7A4F7556}") = "Application", "Application\Application.csproj", "{FABAF4D4-4854-4722-8024-B2DBF7B187DD}"
EndProject
Project("{9A19103F-16F7-4668-BE54-9A1E7A4F7556}") = "RastrAdapter", "RastrAdapter\RastrAdapter.csproj", "{F624DFCE-6174-4122-9565-9283D34270BB}"
EndProject
Project("{9A19103F-16F7-4668-BE54-9A1E7A4F7556}") = "UnitTests", "UnitTests\UnitTests.csproj", "{E1E53A76-3B56-4557-AD20-50F09BCE1FFA}"
EndProject
Project("{FAE04EC0-301F-11D3-BF4B-00C04F79EFBC}") = "Infrastructure.Persistance", "Infrastructure.Persistance\Infrastructure.Persistance.csproj", "{3D2C0239-3786-4216-B114-B81890C524B2}"
EndProject
Global
	GlobalSection(SolutionConfigurationPlatforms) = preSolution
		Debug|Any CPU = Debug|Any CPU
		Debug|ARM32 = Debug|ARM32
		Debug|ARM64 = Debug|ARM64
		Debug|x86 = Debug|x86
		Release|Any CPU = Release|Any CPU
		Release|ARM32 = Release|ARM32
		Release|ARM64 = Release|ARM64
		Release|x86 = Release|x86
	EndGlobalSection
	GlobalSection(ProjectConfigurationPlatforms) = postSolution
		{B3D353FF-78D3-4B9F-8DA8-50AF6E0E92A4}.Debug|Any CPU.ActiveCfg = Debug|Any CPU
		{B3D353FF-78D3-4B9F-8DA8-50AF6E0E92A4}.Debug|Any CPU.Build.0 = Debug|Any CPU
		{B3D353FF-78D3-4B9F-8DA8-50AF6E0E92A4}.Debug|ARM32.ActiveCfg = Debug|ARM32
		{B3D353FF-78D3-4B9F-8DA8-50AF6E0E92A4}.Debug|ARM32.Build.0 = Debug|ARM32
		{B3D353FF-78D3-4B9F-8DA8-50AF6E0E92A4}.Debug|ARM64.ActiveCfg = Debug|ARM64
		{B3D353FF-78D3-4B9F-8DA8-50AF6E0E92A4}.Debug|ARM64.Build.0 = Debug|ARM64
		{B3D353FF-78D3-4B9F-8DA8-50AF6E0E92A4}.Debug|x86.ActiveCfg = Debug|Any CPU
		{B3D353FF-78D3-4B9F-8DA8-50AF6E0E92A4}.Debug|x86.Build.0 = Debug|Any CPU
		{B3D353FF-78D3-4B9F-8DA8-50AF6E0E92A4}.Release|Any CPU.ActiveCfg = Release|Any CPU
		{B3D353FF-78D3-4B9F-8DA8-50AF6E0E92A4}.Release|Any CPU.Build.0 = Release|Any CPU
		{B3D353FF-78D3-4B9F-8DA8-50AF6E0E92A4}.Release|ARM32.ActiveCfg = Release|ARM32
		{B3D353FF-78D3-4B9F-8DA8-50AF6E0E92A4}.Release|ARM32.Build.0 = Release|ARM32
		{B3D353FF-78D3-4B9F-8DA8-50AF6E0E92A4}.Release|ARM64.ActiveCfg = Release|ARM64
		{B3D353FF-78D3-4B9F-8DA8-50AF6E0E92A4}.Release|ARM64.Build.0 = Release|ARM64
		{B3D353FF-78D3-4B9F-8DA8-50AF6E0E92A4}.Release|x86.ActiveCfg = Release|Any CPU
		{B3D353FF-78D3-4B9F-8DA8-50AF6E0E92A4}.Release|x86.Build.0 = Release|Any CPU
		{BD7F4310-0A28-40E2-B895-6613E5168B12}.Debug|Any CPU.ActiveCfg = Debug|Any CPU
		{BD7F4310-0A28-40E2-B895-6613E5168B12}.Debug|Any CPU.Build.0 = Debug|Any CPU
		{BD7F4310-0A28-40E2-B895-6613E5168B12}.Debug|ARM32.ActiveCfg = Debug|Any CPU
		{BD7F4310-0A28-40E2-B895-6613E5168B12}.Debug|ARM32.Build.0 = Debug|Any CPU
		{BD7F4310-0A28-40E2-B895-6613E5168B12}.Debug|ARM64.ActiveCfg = Debug|Any CPU
		{BD7F4310-0A28-40E2-B895-6613E5168B12}.Debug|ARM64.Build.0 = Debug|Any CPU
		{BD7F4310-0A28-40E2-B895-6613E5168B12}.Debug|x86.ActiveCfg = Debug|Any CPU
		{BD7F4310-0A28-40E2-B895-6613E5168B12}.Debug|x86.Build.0 = Debug|Any CPU
		{BD7F4310-0A28-40E2-B895-6613E5168B12}.Release|Any CPU.ActiveCfg = Release|Any CPU
		{BD7F4310-0A28-40E2-B895-6613E5168B12}.Release|Any CPU.Build.0 = Release|Any CPU
		{BD7F4310-0A28-40E2-B895-6613E5168B12}.Release|ARM32.ActiveCfg = Release|Any CPU
		{BD7F4310-0A28-40E2-B895-6613E5168B12}.Release|ARM32.Build.0 = Release|Any CPU
		{BD7F4310-0A28-40E2-B895-6613E5168B12}.Release|ARM64.ActiveCfg = Release|Any CPU
		{BD7F4310-0A28-40E2-B895-6613E5168B12}.Release|ARM64.Build.0 = Release|Any CPU
		{BD7F4310-0A28-40E2-B895-6613E5168B12}.Release|x86.ActiveCfg = Release|Any CPU
		{BD7F4310-0A28-40E2-B895-6613E5168B12}.Release|x86.Build.0 = Release|Any CPU
		{9DC88C9B-E8CA-46E5-8D75-2FDD19660EA3}.Debug|Any CPU.ActiveCfg = Debug|Any CPU
		{9DC88C9B-E8CA-46E5-8D75-2FDD19660EA3}.Debug|Any CPU.Build.0 = Debug|Any CPU
		{9DC88C9B-E8CA-46E5-8D75-2FDD19660EA3}.Debug|ARM32.ActiveCfg = Debug|Any CPU
		{9DC88C9B-E8CA-46E5-8D75-2FDD19660EA3}.Debug|ARM32.Build.0 = Debug|Any CPU
		{9DC88C9B-E8CA-46E5-8D75-2FDD19660EA3}.Debug|ARM64.ActiveCfg = Debug|Any CPU
		{9DC88C9B-E8CA-46E5-8D75-2FDD19660EA3}.Debug|ARM64.Build.0 = Debug|Any CPU
		{9DC88C9B-E8CA-46E5-8D75-2FDD19660EA3}.Debug|x86.ActiveCfg = Debug|Any CPU
		{9DC88C9B-E8CA-46E5-8D75-2FDD19660EA3}.Debug|x86.Build.0 = Debug|Any CPU
		{9DC88C9B-E8CA-46E5-8D75-2FDD19660EA3}.Release|Any CPU.ActiveCfg = Release|Any CPU
		{9DC88C9B-E8CA-46E5-8D75-2FDD19660EA3}.Release|Any CPU.Build.0 = Release|Any CPU
		{9DC88C9B-E8CA-46E5-8D75-2FDD19660EA3}.Release|ARM32.ActiveCfg = Release|Any CPU
		{9DC88C9B-E8CA-46E5-8D75-2FDD19660EA3}.Release|ARM32.Build.0 = Release|Any CPU
		{9DC88C9B-E8CA-46E5-8D75-2FDD19660EA3}.Release|ARM64.ActiveCfg = Release|Any CPU
		{9DC88C9B-E8CA-46E5-8D75-2FDD19660EA3}.Release|ARM64.Build.0 = Release|Any CPU
		{9DC88C9B-E8CA-46E5-8D75-2FDD19660EA3}.Release|x86.ActiveCfg = Release|Any CPU
		{9DC88C9B-E8CA-46E5-8D75-2FDD19660EA3}.Release|x86.Build.0 = Release|Any CPU
		{FABAF4D4-4854-4722-8024-B2DBF7B187DD}.Debug|Any CPU.ActiveCfg = Debug|Any CPU
		{FABAF4D4-4854-4722-8024-B2DBF7B187DD}.Debug|Any CPU.Build.0 = Debug|Any CPU
		{FABAF4D4-4854-4722-8024-B2DBF7B187DD}.Debug|ARM32.ActiveCfg = Debug|Any CPU
		{FABAF4D4-4854-4722-8024-B2DBF7B187DD}.Debug|ARM32.Build.0 = Debug|Any CPU
		{FABAF4D4-4854-4722-8024-B2DBF7B187DD}.Debug|ARM64.ActiveCfg = Debug|Any CPU
		{FABAF4D4-4854-4722-8024-B2DBF7B187DD}.Debug|ARM64.Build.0 = Debug|Any CPU
		{FABAF4D4-4854-4722-8024-B2DBF7B187DD}.Debug|x86.ActiveCfg = Debug|Any CPU
		{FABAF4D4-4854-4722-8024-B2DBF7B187DD}.Debug|x86.Build.0 = Debug|Any CPU
		{FABAF4D4-4854-4722-8024-B2DBF7B187DD}.Release|Any CPU.ActiveCfg = Release|Any CPU
		{FABAF4D4-4854-4722-8024-B2DBF7B187DD}.Release|Any CPU.Build.0 = Release|Any CPU
		{FABAF4D4-4854-4722-8024-B2DBF7B187DD}.Release|ARM32.ActiveCfg = Release|Any CPU
		{FABAF4D4-4854-4722-8024-B2DBF7B187DD}.Release|ARM32.Build.0 = Release|Any CPU
		{FABAF4D4-4854-4722-8024-B2DBF7B187DD}.Release|ARM64.ActiveCfg = Release|Any CPU
		{FABAF4D4-4854-4722-8024-B2DBF7B187DD}.Release|ARM64.Build.0 = Release|Any CPU
		{FABAF4D4-4854-4722-8024-B2DBF7B187DD}.Release|x86.ActiveCfg = Release|Any CPU
		{FABAF4D4-4854-4722-8024-B2DBF7B187DD}.Release|x86.Build.0 = Release|Any CPU
		{F624DFCE-6174-4122-9565-9283D34270BB}.Debug|Any CPU.ActiveCfg = Debug|Any CPU
		{F624DFCE-6174-4122-9565-9283D34270BB}.Debug|Any CPU.Build.0 = Debug|Any CPU
		{F624DFCE-6174-4122-9565-9283D34270BB}.Debug|ARM32.ActiveCfg = Debug|Any CPU
		{F624DFCE-6174-4122-9565-9283D34270BB}.Debug|ARM32.Build.0 = Debug|Any CPU
		{F624DFCE-6174-4122-9565-9283D34270BB}.Debug|ARM64.ActiveCfg = Debug|Any CPU
		{F624DFCE-6174-4122-9565-9283D34270BB}.Debug|ARM64.Build.0 = Debug|Any CPU
		{F624DFCE-6174-4122-9565-9283D34270BB}.Debug|x86.ActiveCfg = Debug|Any CPU
		{F624DFCE-6174-4122-9565-9283D34270BB}.Debug|x86.Build.0 = Debug|Any CPU
		{F624DFCE-6174-4122-9565-9283D34270BB}.Release|Any CPU.ActiveCfg = Release|Any CPU
		{F624DFCE-6174-4122-9565-9283D34270BB}.Release|Any CPU.Build.0 = Release|Any CPU
		{F624DFCE-6174-4122-9565-9283D34270BB}.Release|ARM32.ActiveCfg = Release|Any CPU
		{F624DFCE-6174-4122-9565-9283D34270BB}.Release|ARM32.Build.0 = Release|Any CPU
		{F624DFCE-6174-4122-9565-9283D34270BB}.Release|ARM64.ActiveCfg = Release|Any CPU
		{F624DFCE-6174-4122-9565-9283D34270BB}.Release|ARM64.Build.0 = Release|Any CPU
		{F624DFCE-6174-4122-9565-9283D34270BB}.Release|x86.ActiveCfg = Release|Any CPU
		{F624DFCE-6174-4122-9565-9283D34270BB}.Release|x86.Build.0 = Release|Any CPU
		{E1E53A76-3B56-4557-AD20-50F09BCE1FFA}.Debug|Any CPU.ActiveCfg = Debug|Any CPU
		{E1E53A76-3B56-4557-AD20-50F09BCE1FFA}.Debug|Any CPU.Build.0 = Debug|Any CPU
		{E1E53A76-3B56-4557-AD20-50F09BCE1FFA}.Debug|ARM32.ActiveCfg = Debug|Any CPU
		{E1E53A76-3B56-4557-AD20-50F09BCE1FFA}.Debug|ARM32.Build.0 = Debug|Any CPU
		{E1E53A76-3B56-4557-AD20-50F09BCE1FFA}.Debug|ARM64.ActiveCfg = Debug|Any CPU
		{E1E53A76-3B56-4557-AD20-50F09BCE1FFA}.Debug|ARM64.Build.0 = Debug|Any CPU
		{E1E53A76-3B56-4557-AD20-50F09BCE1FFA}.Debug|x86.ActiveCfg = Debug|Any CPU
		{E1E53A76-3B56-4557-AD20-50F09BCE1FFA}.Debug|x86.Build.0 = Debug|Any CPU
		{E1E53A76-3B56-4557-AD20-50F09BCE1FFA}.Release|Any CPU.ActiveCfg = Release|Any CPU
		{E1E53A76-3B56-4557-AD20-50F09BCE1FFA}.Release|Any CPU.Build.0 = Release|Any CPU
		{E1E53A76-3B56-4557-AD20-50F09BCE1FFA}.Release|ARM32.ActiveCfg = Release|Any CPU
		{E1E53A76-3B56-4557-AD20-50F09BCE1FFA}.Release|ARM32.Build.0 = Release|Any CPU
		{E1E53A76-3B56-4557-AD20-50F09BCE1FFA}.Release|ARM64.ActiveCfg = Release|Any CPU
		{E1E53A76-3B56-4557-AD20-50F09BCE1FFA}.Release|ARM64.Build.0 = Release|Any CPU
		{E1E53A76-3B56-4557-AD20-50F09BCE1FFA}.Release|x86.ActiveCfg = Release|Any CPU
		{E1E53A76-3B56-4557-AD20-50F09BCE1FFA}.Release|x86.Build.0 = Release|Any CPU
		{3D2C0239-3786-4216-B114-B81890C524B2}.Debug|Any CPU.ActiveCfg = Debug|Any CPU
		{3D2C0239-3786-4216-B114-B81890C524B2}.Debug|Any CPU.Build.0 = Debug|Any CPU
		{3D2C0239-3786-4216-B114-B81890C524B2}.Debug|ARM32.ActiveCfg = Debug|Any CPU
		{3D2C0239-3786-4216-B114-B81890C524B2}.Debug|ARM32.Build.0 = Debug|Any CPU
		{3D2C0239-3786-4216-B114-B81890C524B2}.Debug|ARM64.ActiveCfg = Debug|Any CPU
		{3D2C0239-3786-4216-B114-B81890C524B2}.Debug|ARM64.Build.0 = Debug|Any CPU
		{3D2C0239-3786-4216-B114-B81890C524B2}.Debug|x86.ActiveCfg = Debug|Any CPU
		{3D2C0239-3786-4216-B114-B81890C524B2}.Debug|x86.Build.0 = Debug|Any CPU
		{3D2C0239-3786-4216-B114-B81890C524B2}.Release|Any CPU.ActiveCfg = Release|Any CPU
		{3D2C0239-3786-4216-B114-B81890C524B2}.Release|Any CPU.Build.0 = Release|Any CPU
		{3D2C0239-3786-4216-B114-B81890C524B2}.Release|ARM32.ActiveCfg = Release|Any CPU
		{3D2C0239-3786-4216-B114-B81890C524B2}.Release|ARM32.Build.0 = Release|Any CPU
		{3D2C0239-3786-4216-B114-B81890C524B2}.Release|ARM64.ActiveCfg = Release|Any CPU
		{3D2C0239-3786-4216-B114-B81890C524B2}.Release|ARM64.Build.0 = Release|Any CPU
		{3D2C0239-3786-4216-B114-B81890C524B2}.Release|x86.ActiveCfg = Release|Any CPU
		{3D2C0239-3786-4216-B114-B81890C524B2}.Release|x86.Build.0 = Release|Any CPU
	EndGlobalSection
	GlobalSection(SolutionProperties) = preSolution
		HideSolutionNode = FALSE
	EndGlobalSection
	GlobalSection(ExtensibilityGlobals) = postSolution
		SolutionGuid = {31861ABB-C8F4-4241-BA49-9AEF1AF5B3CC}
	EndGlobalSection
EndGlobal
